
Microsoft Visual Studio Solution File, Format Version 12.00
# Visual Studio Version 17
VisualStudioVersion = 17.3.32929.385
MinimumVisualStudioVersion = 10.0.40219.1
Project("{9A19103F-16F7-4668-BE54-9A1E7A4F7556}") = "SolaERP", "SolaERP\SolaERP.csproj", "{9E1D639B-9689-4F00-B5AB-3EAA8E325BF0}"
EndProject
Project("{9A19103F-16F7-4668-BE54-9A1E7A4F7556}") = "SolaERP.Infrastructure", "SolaERP.Infrastructure\SolaERP.Infrastructure.csproj", "{2F345001-FDA9-4C29-8875-2F052C7B704F}"
EndProject
Project("{9A19103F-16F7-4668-BE54-9A1E7A4F7556}") = "SolaERP.DataAccess", "SolaERP.DataAccess\SolaERP.DataAccess.csproj", "{5658310C-0DAA-4F09-935E-7ABDD9EF0BB9}"
EndProject
Project("{9A19103F-16F7-4668-BE54-9A1E7A4F7556}") = "SolaERP.Application", "SolaERP.Application\SolaERP.Application.csproj", "{C9CB4045-DAF3-49FD-B253-118F94C21BDA}"
EndProject
Project("{9A19103F-16F7-4668-BE54-9A1E7A4F7556}") = "SolaERP.SignalR", "SolaERP.SignalR\SolaERP.SignalR.csproj", "{9296A16F-A3C7-482E-B0FD-3C43F2216926}"
EndProject
Project("{2150E333-8FDC-42A3-9474-1A3956D46DE8}") = "SolaERP.Tests", "SolaERP.Tests", "{996C5A8A-D88A-40BE-879E-E6895549D95D}"
EndProject
Project("{FAE04EC0-301F-11D3-BF4B-00C04F79EFBC}") = "SolaERR.DataAccess.Tests", "SolaERR.DataAcces.Tests\SolaERR.DataAccess.Tests.csproj", "{CFD26B29-A99A-4C60-8166-D761C32B835F}"
EndProject
Project("{FAE04EC0-301F-11D3-BF4B-00C04F79EFBC}") = "SolaERP.Application.Tests", "SolaERP.Application.Tests\SolaERP.Application.Tests.csproj", "{FD5BA03E-65D0-49F7-9C99-9F40FBF8D563}"
EndProject
Project("{FAE04EC0-301F-11D3-BF4B-00C04F79EFBC}") = "SolaERR.Infrastructure.Tests", "SolaERR.Infrastructure.Tests\SolaERR.Infrastructure.Tests.csproj", "{E507CBBA-6B2C-46A7-BC2D-D868B71A764C}"
EndProject
Project("{FAE04EC0-301F-11D3-BF4B-00C04F79EFBC}") = "SolaERP.Api.Tests", "SolaERP.Api.Tests\SolaERP.Api.Tests.csproj", "{DAF4AD6D-DD2E-45D0-8DAB-61CA44049701}"
EndProject
Project("{FAE04EC0-301F-11D3-BF4B-00C04F79EFBC}") = "SolaERP.SignalR.Tests", "SolaERP.SignalR.Tests\SolaERP.SignalR.Tests.csproj", "{72833031-7EBE-41BF-8401-AABC943791F3}"
EndProject
Global
	GlobalSection(SolutionConfigurationPlatforms) = preSolution
		Debug|Any CPU = Debug|Any CPU
		Release|Any CPU = Release|Any CPU
	EndGlobalSection
	GlobalSection(ProjectConfigurationPlatforms) = postSolution
		{9E1D639B-9689-4F00-B5AB-3EAA8E325BF0}.Debug|Any CPU.ActiveCfg = Debug|Any CPU
		{9E1D639B-9689-4F00-B5AB-3EAA8E325BF0}.Debug|Any CPU.Build.0 = Debug|Any CPU
		{9E1D639B-9689-4F00-B5AB-3EAA8E325BF0}.Release|Any CPU.ActiveCfg = Release|Any CPU
		{9E1D639B-9689-4F00-B5AB-3EAA8E325BF0}.Release|Any CPU.Build.0 = Release|Any CPU
		{2F345001-FDA9-4C29-8875-2F052C7B704F}.Debug|Any CPU.ActiveCfg = Debug|Any CPU
		{2F345001-FDA9-4C29-8875-2F052C7B704F}.Debug|Any CPU.Build.0 = Debug|Any CPU
		{2F345001-FDA9-4C29-8875-2F052C7B704F}.Release|Any CPU.ActiveCfg = Release|Any CPU
		{2F345001-FDA9-4C29-8875-2F052C7B704F}.Release|Any CPU.Build.0 = Release|Any CPU
		{5658310C-0DAA-4F09-935E-7ABDD9EF0BB9}.Debug|Any CPU.ActiveCfg = Debug|Any CPU
		{5658310C-0DAA-4F09-935E-7ABDD9EF0BB9}.Debug|Any CPU.Build.0 = Debug|Any CPU
		{5658310C-0DAA-4F09-935E-7ABDD9EF0BB9}.Release|Any CPU.ActiveCfg = Release|Any CPU
		{5658310C-0DAA-4F09-935E-7ABDD9EF0BB9}.Release|Any CPU.Build.0 = Release|Any CPU
		{C9CB4045-DAF3-49FD-B253-118F94C21BDA}.Debug|Any CPU.ActiveCfg = Debug|Any CPU
		{C9CB4045-DAF3-49FD-B253-118F94C21BDA}.Debug|Any CPU.Build.0 = Debug|Any CPU
		{C9CB4045-DAF3-49FD-B253-118F94C21BDA}.Release|Any CPU.ActiveCfg = Release|Any CPU
		{C9CB4045-DAF3-49FD-B253-118F94C21BDA}.Release|Any CPU.Build.0 = Release|Any CPU
		{9296A16F-A3C7-482E-B0FD-3C43F2216926}.Debug|Any CPU.ActiveCfg = Debug|Any CPU
		{9296A16F-A3C7-482E-B0FD-3C43F2216926}.Debug|Any CPU.Build.0 = Debug|Any CPU
		{9296A16F-A3C7-482E-B0FD-3C43F2216926}.Release|Any CPU.ActiveCfg = Release|Any CPU
		{9296A16F-A3C7-482E-B0FD-3C43F2216926}.Release|Any CPU.Build.0 = Release|Any CPU
		{CFD26B29-A99A-4C60-8166-D761C32B835F}.Debug|Any CPU.ActiveCfg = Debug|Any CPU
		{CFD26B29-A99A-4C60-8166-D761C32B835F}.Debug|Any CPU.Build.0 = Debug|Any CPU
		{CFD26B29-A99A-4C60-8166-D761C32B835F}.Release|Any CPU.ActiveCfg = Release|Any CPU
		{CFD26B29-A99A-4C60-8166-D761C32B835F}.Release|Any CPU.Build.0 = Release|Any CPU
		{FD5BA03E-65D0-49F7-9C99-9F40FBF8D563}.Debug|Any CPU.ActiveCfg = Debug|Any CPU
		{FD5BA03E-65D0-49F7-9C99-9F40FBF8D563}.Debug|Any CPU.Build.0 = Debug|Any CPU
		{FD5BA03E-65D0-49F7-9C99-9F40FBF8D563}.Release|Any CPU.ActiveCfg = Release|Any CPU
		{FD5BA03E-65D0-49F7-9C99-9F40FBF8D563}.Release|Any CPU.Build.0 = Release|Any CPU
		{E507CBBA-6B2C-46A7-BC2D-D868B71A764C}.Debug|Any CPU.ActiveCfg = Debug|Any CPU
		{E507CBBA-6B2C-46A7-BC2D-D868B71A764C}.Debug|Any CPU.Build.0 = Debug|Any CPU
		{E507CBBA-6B2C-46A7-BC2D-D868B71A764C}.Release|Any CPU.ActiveCfg = Release|Any CPU
		{E507CBBA-6B2C-46A7-BC2D-D868B71A764C}.Release|Any CPU.Build.0 = Release|Any CPU
		{DAF4AD6D-DD2E-45D0-8DAB-61CA44049701}.Debug|Any CPU.ActiveCfg = Debug|Any CPU
		{DAF4AD6D-DD2E-45D0-8DAB-61CA44049701}.Debug|Any CPU.Build.0 = Debug|Any CPU
		{DAF4AD6D-DD2E-45D0-8DAB-61CA44049701}.Release|Any CPU.ActiveCfg = Release|Any CPU
		{DAF4AD6D-DD2E-45D0-8DAB-61CA44049701}.Release|Any CPU.Build.0 = Release|Any CPU
		{72833031-7EBE-41BF-8401-AABC943791F3}.Debug|Any CPU.ActiveCfg = Debug|Any CPU
		{72833031-7EBE-41BF-8401-AABC943791F3}.Debug|Any CPU.Build.0 = Debug|Any CPU
		{72833031-7EBE-41BF-8401-AABC943791F3}.Release|Any CPU.ActiveCfg = Release|Any CPU
		{72833031-7EBE-41BF-8401-AABC943791F3}.Release|Any CPU.Build.0 = Release|Any CPU
	EndGlobalSection
	GlobalSection(SolutionProperties) = preSolution
		HideSolutionNode = FALSE
	EndGlobalSection
	GlobalSection(NestedProjects) = preSolution
		{CFD26B29-A99A-4C60-8166-D761C32B835F} = {996C5A8A-D88A-40BE-879E-E6895549D95D}
		{FD5BA03E-65D0-49F7-9C99-9F40FBF8D563} = {996C5A8A-D88A-40BE-879E-E6895549D95D}
		{E507CBBA-6B2C-46A7-BC2D-D868B71A764C} = {996C5A8A-D88A-40BE-879E-E6895549D95D}
		{DAF4AD6D-DD2E-45D0-8DAB-61CA44049701} = {996C5A8A-D88A-40BE-879E-E6895549D95D}
		{72833031-7EBE-41BF-8401-AABC943791F3} = {996C5A8A-D88A-40BE-879E-E6895549D95D}
	EndGlobalSection
	GlobalSection(ExtensibilityGlobals) = postSolution
		SolutionGuid = {CD4A6118-1A12-446D-8964-EF2FEF0B895C}
	EndGlobalSection
EndGlobal
